github.com/franela/goblin v0.0.0-20211003143422-0a4f594942bf h1:NrF81UtW8gG2LBGkXFQFqlfNnvMt9WdB46sfdJY4oqc=
github.com/franela/goblin v0.0.0-20211003143422-0a4f594942bf/go.mod h1:VzmDKDJVZI3aJmnRI9VjAn9nJ8qPPsN1fqzr9dqInIo=
github.com/jonboulle/clockwork v0.3.0 h1:9BSCMi8C+0qdApAp4auwX0RkLGUjs956h0EkuQymUhg=
github.com/jonboulle/clockwork v0.3.0/go.mod h1:Pkfl5aHPm1nk2H9h0bjmnJD/BcgbGXUBGnn1kMkgxc8=
